{
  "projects": [
    {
      "projectId": "2yfd7ES8pk9cfEjyQyPEpr",
      "version": "latest",
      "dependencies": {},
      "lang": "ts",
      "fileLocks": [
        {
          "type": "globalVariant",
          "assetId": "mmwFkRdGmRWD",
          "checksum": "2b72050122422e9ec5ca7ca85c729199"
        },
        {
          "type": "renderModule",
          "assetId": "v2Bfdp3fq199",
          "checksum": "129ed2aed04b7b5dcbcac3e0d69e9ccb"
        },
        {
          "type": "cssRules",
          "assetId": "v2Bfdp3fq199",
          "checksum": "129ed2aed04b7b5dcbcac3e0d69e9ccb"
        },
        {
          "type": "renderModule",
          "assetId": "RRcl0_r9pufz",
          "checksum": "076a8cff431e09780f2fb94faedf0ded"
        },
        {
          "type": "cssRules",
          "assetId": "RRcl0_r9pufz",
          "checksum": "076a8cff431e09780f2fb94faedf0ded"
        },
        {
          "type": "renderModule",
          "assetId": "1yY4pWuM84nj",
          "checksum": "e45e61a47fa8d2839eb7e0e7ffaf92b0"
        },
        {
          "type": "cssRules",
          "assetId": "1yY4pWuM84nj",
          "checksum": "e45e61a47fa8d2839eb7e0e7ffaf92b0"
        },
        {
          "type": "renderModule",
          "assetId": "-iZ-8DLVp5gH",
          "checksum": "2c1cc9faec0e16b48d3d050c90696146"
        },
        {
          "type": "cssRules",
          "assetId": "-iZ-8DLVp5gH",
          "checksum": "2c1cc9faec0e16b48d3d050c90696146"
        },
        {
          "type": "renderModule",
          "assetId": "eVfakgQjaJ7-",
          "checksum": "7533050a2759b45ec3cc239a1996f38a"
        },
        {
          "type": "cssRules",
          "assetId": "eVfakgQjaJ7-",
          "checksum": "7533050a2759b45ec3cc239a1996f38a"
        },
        {
          "type": "renderModule",
          "assetId": "MNzUCmEot2Mb",
          "checksum": "2e26caf216f69a29ba112e61cc2daa0b"
        },
        {
          "type": "cssRules",
          "assetId": "MNzUCmEot2Mb",
          "checksum": "2e26caf216f69a29ba112e61cc2daa0b"
        },
        {
          "type": "renderModule",
          "assetId": "tV80DC4GTfOg",
          "checksum": "6f4c268244f4741103f1095d9357ccfd"
        },
        {
          "type": "cssRules",
          "assetId": "tV80DC4GTfOg",
          "checksum": "6f4c268244f4741103f1095d9357ccfd"
        },
        {
          "type": "renderModule",
          "assetId": "9Pj1_xClcFfB",
          "checksum": "b4afcf5062928a2220c90c1bbe7e30a7"
        },
        {
          "type": "cssRules",
          "assetId": "9Pj1_xClcFfB",
          "checksum": "b4afcf5062928a2220c90c1bbe7e30a7"
        },
        {
          "type": "renderModule",
          "assetId": "97e2sBgVNvsQ",
          "checksum": "e20b62cee2f704770131727f166cea80"
        },
        {
          "type": "cssRules",
          "assetId": "97e2sBgVNvsQ",
          "checksum": "e20b62cee2f704770131727f166cea80"
        },
        {
          "type": "renderModule",
          "assetId": "nqQ6WGbsTiCe",
          "checksum": "35cfba61f7b961eca0b1589fbfc09a21"
        },
        {
          "type": "cssRules",
          "assetId": "nqQ6WGbsTiCe",
          "checksum": "35cfba61f7b961eca0b1589fbfc09a21"
        },
        {
          "type": "renderModule",
          "assetId": "Ikk5DNmRQ0_x",
          "checksum": "3d644e8c3329b4580e9d9c80a8769c44"
        },
        {
          "type": "cssRules",
          "assetId": "Ikk5DNmRQ0_x",
          "checksum": "3d644e8c3329b4580e9d9c80a8769c44"
        },
        {
          "type": "icon",
          "assetId": "mwlfBZQGgF_g",
          "checksum": "b11de60e7cd5ff2df414f2ef2b76c3d1"
        },
        {
          "type": "icon",
          "assetId": "fE92gSzDOM6G",
          "checksum": "50c73edf711e847b5093070358842ba3"
        },
        {
          "type": "icon",
          "assetId": "rdZx5ar8eRa0",
          "checksum": "73b179256551d7cf6929ba13b8a006e6"
        },
        {
          "type": "icon",
          "assetId": "H8mN-ShEZnrw",
          "checksum": "deac053cfb27f8d8db2e54c5542ff200"
        },
        {
          "type": "icon",
          "assetId": "18HJoyG3uF5x",
          "checksum": "0af41d1a65b575fe8165e9468a833a24"
        },
        {
          "type": "icon",
          "assetId": "nYEJHGn6kzsl",
          "checksum": "7fb1474441eec58c95449f244aab44ab"
        },
        {
          "type": "icon",
          "assetId": "92MKqsuE__as",
          "checksum": "027b53325de89087ca92ccd3f36c1955"
        },
        {
          "type": "icon",
          "assetId": "TBLjTAE8gwjh",
          "checksum": "13bbbae14fc8940fe597b5c22e61cb1a"
        },
        {
          "type": "icon",
          "assetId": "R86vSmvKT_jI",
          "checksum": "412f183d48cd7ea358d7e50c6b034793"
        },
        {
          "type": "image",
          "assetId": "ks1gdklFw99e",
          "checksum": "7c9785c5f8ad609ee57a56f154594d88"
        },
        {
          "type": "image",
          "assetId": "Io3d5DL2fJDn",
          "checksum": "d6ee7752e7e5e4741ba8f0898e8357c1"
        },
        {
          "type": "image",
          "assetId": "VNcgBmYffrrU",
          "checksum": "a419f8870e4c02a9a4875280bb733381"
        },
        {
          "type": "image",
          "assetId": "govi4mWwb09z",
          "checksum": "439f58b93aba433a9c528f36230cfd16"
        },
        {
          "type": "image",
          "assetId": "sAFRLLkJBiV7",
          "checksum": "e18c11f959878a12f24ad2981df77991"
        },
        {
          "type": "image",
          "assetId": "Fh1Sg8gu4Wh5",
          "checksum": "46011ffa49f621818e9e9b45d6740ffa"
        },
        {
          "type": "image",
          "assetId": "vTHnHhmWA4mB",
          "checksum": "632543d45d5302104095ec9005d37cc0"
        },
        {
          "type": "image",
          "assetId": "w95529En7Hw_",
          "checksum": "f7106b2911f395d0fa49b9107fc4ef5f"
        },
        {
          "type": "image",
          "assetId": "m2eJYALfUREs",
          "checksum": "8424069435b66501f4294b44a31573b2"
        },
        {
          "type": "image",
          "assetId": "7FDnsam6w2_D",
          "checksum": "f455d6770c52bbb6971274a48f81e1c6"
        },
        {
          "type": "image",
          "assetId": "C76RqilTHwDt",
          "checksum": "0bd84e81f149238cff30ee71c01eb57d"
        },
        {
          "type": "image",
          "assetId": "QXoY2CoVpk07",
          "checksum": "3329a1e8ab47dcaea22e09aa753e0039"
        },
        {
          "type": "image",
          "assetId": "sR98lDWpivhS",
          "checksum": "a7723ee34c5328cee6e3cc168b10a7dd"
        },
        {
          "type": "image",
          "assetId": "OUMR74mrzZ8_",
          "checksum": "00d30eae109914f8d0e7d01c5d27c104"
        },
        {
          "type": "image",
          "assetId": "fm1YqB0oQ7hl",
          "checksum": "a3be78ea8ffbfae7eb979072a8e9d7df"
        },
        {
          "type": "image",
          "assetId": "3vqJuol6i2lM",
          "checksum": "4fc38b6249d08e1f9cfad3f197a58a6f"
        },
        {
          "type": "image",
          "assetId": "M7HCTVEyl3si",
          "checksum": "44fb771f3c1e3b64ac789bf8b92f4384"
        },
        {
          "type": "image",
          "assetId": "MWF67-FSBADh",
          "checksum": "59b2eaec0772f3bb303dbe45967ddf50"
        },
        {
          "type": "image",
          "assetId": "C3gYOvKoDaFn",
          "checksum": "13f78ba7699aa4ad2b266d57c5b7c76e"
        },
        {
          "type": "image",
          "assetId": "Ha9c7poRyPHy",
          "checksum": "603ca79ba527ae89a9ef56484e457c7d"
        },
        {
          "type": "image",
          "assetId": "BdnpYifz8Twb",
          "checksum": "1a4c293c3bcaac8af5d0b9d0343f0520"
        },
        {
          "type": "image",
          "assetId": "I2hOoJKgKLqG",
          "checksum": "7a38b0cd99c311f211d777efbabb9174"
        },
        {
          "type": "image",
          "assetId": "hi4DKCUTj3MX",
          "checksum": "b3029a9a1bea2442962b72e7fd49249b"
        },
        {
          "type": "image",
          "assetId": "tN9qw6XhfiRZ",
          "checksum": "a743c808922e939dcd7eb28f97b3dc8c"
        },
        {
          "type": "image",
          "assetId": "dO54otPLxCC4",
          "checksum": "4fd69156d915a20b9e14350fde4d9689"
        },
        {
          "type": "image",
          "assetId": "d3MKS9lo_LqJ",
          "checksum": "1dfa8dfd69574983736343bd1f527af9"
        },
        {
          "type": "image",
          "assetId": "kHOFsTNLyYHO",
          "checksum": "006621659fbaa417a43e1b4888c2201f"
        },
        {
          "type": "image",
          "assetId": "TZTkt6YVnlhu",
          "checksum": "87d27efddf56a49ad95c9010210c2263"
        },
        {
          "type": "image",
          "assetId": "gSdiscUDXNBQ",
          "checksum": "7945d436e85740f727fd941ec0f96109"
        },
        {
          "type": "image",
          "assetId": "Bcoa4Llj1Ws_",
          "checksum": "65aff68794809daabda3195c367c8a9d"
        },
        {
          "type": "image",
          "assetId": "fy2Fp7W1-Ped",
          "checksum": "06bc7c05ef5856a9bfc4291cc9ce4c33"
        },
        {
          "type": "image",
          "assetId": "UIYTPvSHTxlu",
          "checksum": "3f3596d5f3f10cb1e2e711ba7c111b9e"
        },
        {
          "type": "image",
          "assetId": "ol1wv1v7V4oD",
          "checksum": "5e8ccf33d1ce40e87b7917a7b6c0dfd8"
        },
        {
          "type": "image",
          "assetId": "y1GW5-AHwaKz",
          "checksum": "2aabaa0c15249b0cc733541f53832c90"
        },
        {
          "type": "image",
          "assetId": "adEiee_z4VPM",
          "checksum": "e5983013768d22a17817bb33c5a88c7b"
        },
        {
          "type": "image",
          "assetId": "aNjIEqA1o42B",
          "checksum": "3d573a2600a8a6f1cee3f11698855415"
        },
        {
          "type": "image",
          "assetId": "LjLpJE47M4Wz",
          "checksum": "0a64844301f52a3df53e273f549f1d8d"
        },
        {
          "assetId": "2yfd7ES8pk9cfEjyQyPEpr",
          "type": "projectCss",
          "checksum": "48ed80e199e4bfcb7d681508e185b7d0"
        }
      ],
      "codegenVersion": "0.0.1"
    }
  ],
  "cliVersion": "0.1.334"
}
